{
    "name": "src-rx",
    "version": "6.13.3",
    "lockfileVersion": 2,
    "requires": true,
    "packages": {
        "": {
            "name": "src-rx",
            "version": "6.13.3",
            "dependencies": {
                "@iobroker/json-config": "file:../../json-config"
            }
        },
        "../../json-config": {},
        "../jsonConfig": {
            "extraneous": true
        },
        "node_modules/@iobroker/json-config": {
            "resolved": "../../json-config",
            "link": true
        }
    },
    "dependencies": {
        "@iobroker/json-config": {
            "version": "file:../../json-config"
        }
    }
}
